// !$*UTF8*$!
{
	archiveVersion = 1;
	classes = {
	};
	objectVersion = 46;
	objects = {

/* Begin PBXBuildFile section */
		28BF0EE41DAEB0F7009FE848 /* AppDelegate.swift in Sources */ = {isa = PBXBuildFile; fileRef = 28BF0EE31DAEB0F7009FE848 /* AppDelegate.swift */; };
		28BF0EE61DAEB0F7009FE848 /* MasterViewController.swift in Sources */ = {isa = PBXBuildFile; fileRef = 28BF0EE51DAEB0F7009FE848 /* MasterViewController.swift */; };
		28BF0EE81DAEB0F7009FE848 /* DetailViewController.swift in Sources */ = {isa = PBXBuildFile; fileRef = 28BF0EE71DAEB0F7009FE848 /* DetailViewController.swift */; };
		28BF0EEB1DAEB0F7009FE848 /* Main.storyboard in Resources */ = {isa = PBXBuildFile; fileRef = 28BF0EE91DAEB0F7009FE848 /* Main.storyboard */; };
		28BF0EED1DAEB0F7009FE848 /* Assets.xcassets in Resources */ = {isa = PBXBuildFile; fileRef = 28BF0EEC1DAEB0F7009FE848 /* Assets.xcassets */; };
		28BF0EF01DAEB0F7009FE848 /* LaunchScreen.storyboard in Resources */ = {isa = PBXBuildFile; fileRef = 28BF0EEE1DAEB0F7009FE848 /* LaunchScreen.storyboard */; };
/* End PBXBuildFile section */

/* Begin PBXFileReference section */
		28BF0EE01DAEB0F7009FE848 /* QuotePro.app */ = {isa = PBXFileReference; explicitFileType = wrapper.application; includeInIndex = 0; path = QuotePro.app; sourceTree = BUILT_PRODUCTS_DIR; };
		28BF0EE31DAEB0F7009FE848 /* AppDelegate.swift */ = {isa = PBXFileReference; lastKnownFileType = sourcecode.swift; path = AppDelegate.swift; sourceTree = "<group>"; };
		28BF0EE51DAEB0F7009FE848 /* MasterViewController.swift */ = {isa = PBXFileReference; lastKnownFileType = sourcecode.swift; path = MasterViewController.swift; sourceTree = "<group>"; };
		28BF0EE71DAEB0F7009FE848 /* DetailViewController.swift */ = {isa = PBXFileReference; lastKnownFileType = sourcecode.swift; path = DetailViewController.swift; sourceTree = "<group>"; };
		28BF0EEA1DAEB0F7009FE848 /* Base */ = {isa = PBXFileReference; lastKnownFileType = file.storyboard; name = Base; path = Base.lproj/Main.storyboard; sourceTree = "<group>"; };
		28BF0EEC1DAEB0F7009FE848 /* Assets.xcassets */ = {isa = PBXFileReference; lastKnownFileType = folder.assetcatalog; path = Assets.xcassets; sourceTree = "<group>"; };
		28BF0EEF1DAEB0F7009FE848 /* Base */ = {isa = PBXFileReference; lastKnownFileType = file.storyboard; name = Base; path = Base.lproj/LaunchScreen.storyboard; sourceTree = "<group>"; };
		28BF0EF11DAEB0F7009FE848 /* Info.plist */ = {isa = PBXFileReference; lastKnownFileType = text.plist.xml; path = Info.plist; sourceTree = "<group>"; };
/* End PBXFileReference section */

/* Begin PBXFrameworksBuildPhase section */
		28BF0EDD1DAEB0F6009FE848 /* Frameworks */ = {
			isa = PBXFrameworksBuildPhase;
			buildActionMask = 2147483647;
			files = (
			);
			runOnlyForDeploymentPostprocessing = 0;
		};
/* End PBXFrameworksBuildPhase section */

/* Begin PBXGroup section */
		28BF0ED71DAEB0F6009FE848 = {
			isa = PBXGroup;
			children = (
				28BF0EE21DAEB0F7009FE848 /* QuotePro */,
				28BF0EE11DAEB0F7009FE848 /* Products */,
			);
			sourceTree = "<group>";
		};
		28BF0EE11DAEB0F7009FE848 /* Products */ = {
			isa = PBXGroup;
			children = (
				28BF0EE01DAEB0F7009FE848 /* QuotePro.app */,
			);
			name = Products;
			sourceTree = "<group>";
		};
		28BF0EE21DAEB0F7009FE848 /* QuotePro */ = {
			isa = PBXGroup;
			children = (
				28BF0EF91DAEB12C009FE848 /* Model */,
				28BF0EF81DAEB123009FE848 /* Controller */,
				28BF0EF71DAEB117009FE848 /* View */,
			);
			path = QuotePro;
			sourceTree = "<group>";
		};
		28BF0EF71DAEB117009FE848 /* View */ = {
			isa = PBXGroup;
			children = (
				28BF0EE91DAEB0F7009FE848 /* Main.storyboard */,
				28BF0EEC1DAEB0F7009FE848 /* Assets.xcassets */,
				28BF0EEE1DAEB0F7009FE848 /* LaunchScreen.storyboard */,
			);
			name = View;
			sourceTree = "<group>";
		};
		28BF0EF81DAEB123009FE848 /* Controller */ = {
			isa = PBXGroup;
			children = (
				28BF0EE51DAEB0F7009FE848 /* MasterViewController.swift */,
				28BF0EE71DAEB0F7009FE848 /* DetailViewController.swift */,
			);
			name = Controller;
			sourceTree = "<group>";
		};
		28BF0EF91DAEB12C009FE848 /* Model */ = {
			isa = PBXGroup;
			children = (
				28BF0EF11DAEB0F7009FE848 /* Info.plist */,
				28BF0EE31DAEB0F7009FE848 /* AppDelegate.swift */,
			);
			name = Model;
			sourceTree = "<group>";
		};
/* End PBXGroup section */

/* Begin PBXNativeTarget section */
		28BF0EDF1DAEB0F6009FE848 /* QuotePro */ = {
			isa = PBXNativeTarget;
			buildConfigurationList = 28BF0EF41DAEB0F7009FE848 /* Build configuration list for PBXNativeTarget "QuotePro" */;
			buildPhases = (
				28BF0EDC1DAEB0F6009FE848 /* Sources */,
				28BF0EDD1DAEB0F6009FE848 /* Frameworks */,
				28BF0EDE1DAEB0F6009FE848 /* Resources */,
			);
			buildRules = (
			);
			dependencies = (
			);
			name = QuotePro;
			productName = QuotePro;
			productReference = 28BF0EE01DAEB0F7009FE848 /* QuotePro.app */;
			productType = "com.apple.product-type.application";
		};
/* End PBXNativeTarget section */

/* Begin PBXProject section */
		28BF0ED81DAEB0F6009FE848 /* Project object */ = {
			isa = PBXProject;
			attributes = {
				LastSwiftUpdateCheck = 0800;
				LastUpgradeCheck = 0800;
				ORGANIZATIONNAME = "Shaun Campbell";
				TargetAttributes = {
					28BF0EDF1DAEB0F6009FE848 = {
						CreatedOnToolsVersion = 8.0;
						ProvisioningStyle = Automatic;
					};
				};
			};
			buildConfigurationList = 28BF0EDB1DAEB0F6009FE848 /* Build configuration list for PBXProject "QuotePro" */;
			compatibilityVersion = "Xcode 3.2";
			developmentRegion = English;
			hasScannedForEncodings = 0;
			knownRegions = (
				en,
				Base,
			);
			mainGroup = 28BF0ED71DAEB0F6009FE848;
			productRefGroup = 28BF0EE11DAEB0F7009FE848 /* Products */;
			projectDirPath = "";
			projectRoot = "";
			targets = (
				28BF0EDF1DAEB0F6009FE848 /* QuotePro */,
			);
		};
/* End PBXProject section */

/* Begin PBXResourcesBuildPhase section */
		28BF0EDE1DAEB0F6009FE848 /* Resources */ = {
			isa = PBXResourcesBuildPhase;
			buildActionMask = 2147483647;
			files = (
				28BF0EF01DAEB0F7009FE848 /* LaunchScreen.storyboard in Resources */,
				28BF0EED1DAEB0F7009FE848 /* Assets.xcassets in Resources */,
				28BF0EEB1DAEB0F7009FE848 /* Main.storyboard in Resources */,
			);
			runOnlyForDeploymentPostprocessing = 0;
		};
/* End PBXResourcesBuildPhase section */

/* Begin PBXSourcesBuildPhase section */
		28BF0EDC1DAEB0F6009FE848 /* Sources */ = {
			isa = PBXSourcesBuildPhase;
			buildActionMask = 2147483647;
			files = (
				28BF0EE81DAEB0F7009FE848 /* DetailViewController.swift in Sources */,
				28BF0EE61DAEB0F7009FE848 /* MasterViewController.swift in Sources */,
				28BF0EE41DAEB0F7009FE848 /* AppDelegate.swift in Sources */,
			);
			runOnlyForDeploymentPostprocessing = 0;
		};
/* End PBXSourcesBuildPhase section */

/* Begin PBXVariantGroup section */
		28BF0EE91DAEB0F7009FE848 /* Main.storyboard */ = {
			isa = PBXVariantGroup;
			children = (
				28BF0EEA1DAEB0F7009FE848 /* Base */,
			);
			name = Main.storyboard;
			sourceTree = "<group>";
		};
		28BF0EEE1DAEB0F7009FE848 /* LaunchScreen.storyboard */ = {
			isa = PBXVariantGroup;
			children = (
				28BF0EEF1DAEB0F7009FE848 /* Base */,
			);
			name = LaunchScreen.storyboard;
			sourceTree = "<group>";
		};
/* End PBXVariantGroup section */

/* Begin XCBuildConfiguration section */
		28BF0EF21DAEB0F7009FE848 /* Debug */ = {
			isa = XCBuildConfiguration;
			buildSettings = {
				ALWAYS_SEARCH_USER_PATHS = NO;
				CLANG_ANALYZER_NONNULL = YES;
				CLANG_CXX_LANGUAGE_STANDARD = "gnu++0x";
				CLANG_CXX_LIBRARY = "libc++";
				CLANG_ENABLE_MODULES = YES;
				CLANG_ENABLE_OBJC_ARC = YES;
				CLANG_WARN_BOOL_CONVERSION = YES;
				CLANG_WARN_CONSTANT_CONVERSION = YES;
				CLANG_WARN_DIRECT_OBJC_ISA_USAGE = YES_ERROR;
				CLANG_WARN_DOCUMENTATION_COMMENTS = YES;
				CLANG_WARN_EMPTY_BODY = YES;
				CLANG_WARN_ENUM_CONVERSION = YES;
				CLANG_WARN_INFINITE_RECURSION = YES;
				CLANG_WARN_INT_CONVERSION = YES;
				CLANG_WARN_OBJC_ROOT_CLASS = YES_ERROR;
				CLANG_WARN_SUSPICIOUS_MOVES = YES;
				CLANG_WARN_UNREACHABLE_CODE = YES;
				CLANG_WARN__DUPLICATE_METHOD_MATCH = YES;
				"CODE_SIGN_IDENTITY[sdk=iphoneos*]" = "iPhone Developer";
				COPY_PHASE_STRIP = NO;
				DEBUG_INFORMATION_FORMAT = dwarf;
				ENABLE_STRICT_OBJC_MSGSEND = YES;
				ENABLE_TESTABILITY = YES;
				GCC_C_LANGUAGE_STANDARD = gnu99;
				GCC_DYNAMIC_NO_PIC = NO;
				GCC_NO_COMMON_BLOCKS = YES;
				GCC_OPTIMIZATION_LEVEL = 0;
				GCC_PREPROCESSOR_DEFINITIONS = (
					"DEBUG=1",
					"$(inherited)",
				);
				GCC_WARN_64_TO_32_BIT_CONVERSION = YES;
				GCC_WARN_ABOUT_RETURN_TYPE = YES_ERROR;
				GCC_WARN_UNDECLARED_SELECTOR = YES;
				GCC_WARN_UNINITIALIZED_AUTOS = YES_AGGRESSIVE;
				GCC_WARN_UNUSED_FUNCTION = YES;
				GCC_WARN_UNUSED_VARIABLE = YES;
				IPHONEOS_DEPLOYMENT_TARGET = 10.0;
				MTL_ENABLE_DEBUG_INFO = YES;
				ONLY_ACTIVE_ARCH = YES;
				SDKROOT = iphoneos;
				SWIFT_ACTIVE_COMPILATION_CONDITIONS = DEBUG;
				SWIFT_OPTIMIZATION_LEVEL = "-Onone";
			};
			name = Debug;
		};
		28BF0EF31DAEB0F7009FE848 /* Release */ = {
			isa = XCBuildConfiguration;
			buildSettings = {
				ALWAYS_SEARCH_USER_PATHS = NO;
				CLANG_ANALYZER_NONNULL = YES;
				CLANG_CXX_LANGUAGE_STANDARD = "gnu++0x";
				CLANG_CXX_LIBRARY = "libc++";
				CLANG_ENABLE_MODULES = YES;
				CLANG_ENABLE_OBJC_ARC = YES;
				CLANG_WARN_BOOL_CONVERSION = YES;
				CLANG_WARN_CONSTANT_CONVERSION = YES;
				CLANG_WARN_DIRECT_OBJC_ISA_USAGE = YES_ERROR;
				CLANG_WARN_DOCUMENTATION_COMMENTS = YES;
				CLANG_WARN_EMPTY_BODY = YES;
				CLANG_WARN_ENUM_CONVERSION = YES;
				CLANG_WARN_INFINITE_RECURSION = YES;
				CLANG_WARN_INT_CONVERSION = YES;
				CLANG_WARN_OBJC_ROOT_CLASS = YES_ERROR;
				CLANG_WARN_SUSPICIOUS_MOVES = YES;
				CLANG_WARN_UNREACHABLE_CODE = YES;
				CLANG_WARN__DUPLICATE_METHOD_MATCH = YES;
				"CODE_SIGN_IDENTITY[sdk=iphoneos*]" = "iPhone Developer";
				COPY_PHASE_STRIP = NO;
				DEBUG_INFORMATION_FORMAT = "dwarf-with-dsym";
				ENABLE_NS_ASSERTIONS = NO;
				ENABLE_STRICT_OBJC_MSGSEND = YES;
				GCC_C_LANGUAGE_STANDARD = gnu99;
				GCC_NO_COMMON_BLOCKS = YES;
				GCC_WARN_64_TO_32_BIT_CONVERSION = YES;
				GCC_WARN_ABOUT_RETURN_TYPE = YES_ERROR;
				GCC_WARN_UNDECLARED_SELECTOR = YES;
				GCC_WARN_UNINITIALIZED_AUTOS = YES_AGGRESSIVE;
				GCC_WARN_UNUSED_FUNCTION = YES;
				GCC_WARN_UNUSED_VARIABLE = YES;
				IPHONEOS_DEPLOYMENT_TARGET = 10.0;
				MTL_ENABLE_DEBUG_INFO = NO;
				SDKROOT = iphoneos;
				SWIFT_OPTIMIZATION_LEVEL = "-Owholemodule";
				VALIDATE_PRODUCT = YES;
			};
			name = Release;
		};
		28BF0EF51DAEB0F7009FE848 /* Debug */ = {
			isa = XCBuildConfiguration;
			buildSettings = {
				ASSETCATALOG_COMPILER_APPICON_NAME = AppIcon;
				INFOPLIST_FILE = QuotePro/Info.plist;
				LD_RUNPATH_SEARCH_PATHS = "$(inherited) @executable_path/Frameworks";
				PRODUCT_BUNDLE_IDENTIFIER = com.shauntc.QuotePro;
				PRODUCT_NAME = "$(TARGET_NAME)";
				SWIFT_VERSION = 3.0;
			};
			name = Debug;
		};
		28BF0EF61DAEB0F7009FE848 /* Release */ = {
			isa = XCBuildConfiguration;
			buildSettings = {
				ASSETCATALOG_COMPILER_APPICON_NAME = AppIcon;
				INFOPLIST_FILE = QuotePro/Info.plist;
				LD_RUNPATH_SEARCH_PATHS = "$(inherited) @executable_path/Frameworks";
				PRODUCT_BUNDLE_IDENTIFIER = com.shauntc.QuotePro;
				PRODUCT_NAME = "$(TARGET_NAME)";
				SWIFT_VERSION = 3.0;
			};
			name = Release;
		};
/* End XCBuildConfiguration section */

/* Begin XCConfigurationList section */
		28BF0EDB1DAEB0F6009FE848 /* Build configuration list for PBXProject "QuotePro" */ = {
			isa = XCConfigurationList;
			buildConfigurations = (
				28BF0EF21DAEB0F7009FE848 /* Debug */,
				28BF0EF31DAEB0F7009FE848 /* Release */,
			);
			defaultConfigurationIsVisible = 0;
			defaultConfigurationName = Release;
		};
		28BF0EF41DAEB0F7009FE848 /* Build configuration list for PBXNativeTarget "QuotePro" */ = {
			isa = XCConfigurationList;
			buildConfigurations = (
				28BF0EF51DAEB0F7009FE848 /* Debug */,
				28BF0EF61DAEB0F7009FE848 /* Release */,
			);
			defaultConfigurationIsVisible = 0;
		};
/* End XCConfigurationList section */
	};
	rootObject = 28BF0ED81DAEB0F6009FE848 /* Project object */;
}
